# THIS IS AN AUTOGENERATED FILE. DO NOT EDIT THIS FILE DIRECTLY.
# yarn lockfile v1


ngx-auth-firebaseui@^5.1.0:
  version "5.1.0"
  resolved "https://registry.yarnpkg.com/ngx-auth-firebaseui/-/ngx-auth-firebaseui-5.1.0.tgz#2b44990a47ec962fa814dac55309380a456eebeb"
  integrity sha512-S0NxusON3Vxf0FAtbLn+EchjZTATsfBMXJleEh1H13kkIeU98EmJR2uN0N7YafdIwTDLV7lSDIVTKB4cPwNXfw==
  dependencies:
    tslib "^2.0.0"

tslib@^1.10.0:
  version "1.14.1"
  resolved "https://registry.yarnpkg.com/tslib/-/tslib-1.14.1.tgz#cf2d38bdc34a134bcaf1091c41f6619e2f672d00"
  integrity sha512-Xni35NKzjgMrwevysHTCArtLDpPvye8zV/0E4EyYn43P7/7qvQwPh9BGkHewbMulVntbigmcT7rdX3BNo9wRJg==

tslib@^2.0.0:
  version "2.1.0"
  resolved "https://registry.yarnpkg.com/tslib/-/tslib-2.1.0.tgz#da60860f1c2ecaa5703ab7d39bc05b6bf988b97a"
  integrity sha512-hcVC3wYEziELGGmEEXue7D75zbwIIVUMWAVbHItGPx0ziyXxrOMQx4rQEVEV45Ut/1IotuEvwqPopzIOkDMf0A==
